// !$*UTF8*$!
{
	archiveVersion = 1;
	classes = {
	};
	objectVersion = 50;
	objects = {

/* Begin PBXBuildFile section */
		390C02302449210F008CEB57 /* MovieView.swift in Sources */ = {isa = PBXBuildFile; fileRef = 390C022F2449210F008CEB57 /* MovieView.swift */; };
		39AA9CDF24467916002E0B49 /* AppDelegate.swift in Sources */ = {isa = PBXBuildFile; fileRef = 39AA9CDE24467916002E0B49 /* AppDelegate.swift */; };
		39AA9CE124467916002E0B49 /* SceneDelegate.swift in Sources */ = {isa = PBXBuildFile; fileRef = 39AA9CE024467916002E0B49 /* SceneDelegate.swift */; };
		39AA9CE324467916002E0B49 /* ContentView.swift in Sources */ = {isa = PBXBuildFile; fileRef = 39AA9CE224467916002E0B49 /* ContentView.swift */; };
		39AA9CE52446791D002E0B49 /* Assets.xcassets in Resources */ = {isa = PBXBuildFile; fileRef = 39AA9CE42446791D002E0B49 /* Assets.xcassets */; };
		39AA9CE82446791D002E0B49 /* Preview Assets.xcassets in Resources */ = {isa = PBXBuildFile; fileRef = 39AA9CE72446791D002E0B49 /* Preview Assets.xcassets */; };
		39AA9CEB2446791D002E0B49 /* LaunchScreen.storyboard in Resources */ = {isa = PBXBuildFile; fileRef = 39AA9CE92446791D002E0B49 /* LaunchScreen.storyboard */; };
		39AA9CFF24467A46002E0B49 /* MovieModel.swift in Sources */ = {isa = PBXBuildFile; fileRef = 39AA9CFE24467A46002E0B49 /* MovieModel.swift */; };
		39AA9D0624467EBC002E0B49 /* MoviesViewModel.swift in Sources */ = {isa = PBXBuildFile; fileRef = 39AA9D0524467EBC002E0B49 /* MoviesViewModel.swift */; };
		39AA9D0824467ECA002E0B49 /* MovieViewModel.swift in Sources */ = {isa = PBXBuildFile; fileRef = 39AA9D0724467ECA002E0B49 /* MovieViewModel.swift */; };
		39AA9D0E2447D022002E0B49 /* MoviesView.swift in Sources */ = {isa = PBXBuildFile; fileRef = 39AA9D0D2447D022002E0B49 /* MoviesView.swift */; };
/* End PBXBuildFile section */

/* Begin PBXFileReference section */
		390C022F2449210F008CEB57 /* MovieView.swift */ = {isa = PBXFileReference; lastKnownFileType = sourcecode.swift; path = MovieView.swift; sourceTree = "<group>"; };
		39AA9CDB24467916002E0B49 /* MovieCRUD.app */ = {isa = PBXFileReference; explicitFileType = wrapper.application; includeInIndex = 0; path = MovieCRUD.app; sourceTree = BUILT_PRODUCTS_DIR; };
		39AA9CDE24467916002E0B49 /* AppDelegate.swift */ = {isa = PBXFileReference; lastKnownFileType = sourcecode.swift; path = AppDelegate.swift; sourceTree = "<group>"; };
		39AA9CE024467916002E0B49 /* SceneDelegate.swift */ = {isa = PBXFileReference; lastKnownFileType = sourcecode.swift; path = SceneDelegate.swift; sourceTree = "<group>"; };
		39AA9CE224467916002E0B49 /* ContentView.swift */ = {isa = PBXFileReference; lastKnownFileType = sourcecode.swift; path = ContentView.swift; sourceTree = "<group>"; };
		39AA9CE42446791D002E0B49 /* Assets.xcassets */ = {isa = PBXFileReference; lastKnownFileType = folder.assetcatalog; path = Assets.xcassets; sourceTree = "<group>"; };
		39AA9CE72446791D002E0B49 /* Preview Assets.xcassets */ = {isa = PBXFileReference; lastKnownFileType = folder.assetcatalog; path = "Preview Assets.xcassets"; sourceTree = "<group>"; };
		39AA9CEA2446791D002E0B49 /* Base */ = {isa = PBXFileReference; lastKnownFileType = file.storyboard; name = Base; path = Base.lproj/LaunchScreen.storyboard; sourceTree = "<group>"; };
		39AA9CEC2446791D002E0B49 /* Info.plist */ = {isa = PBXFileReference; lastKnownFileType = text.plist.xml; path = Info.plist; sourceTree = "<group>"; };
		39AA9CFE24467A46002E0B49 /* MovieModel.swift */ = {isa = PBXFileReference; lastKnownFileType = sourcecode.swift; path = MovieModel.swift; sourceTree = "<group>"; };
		39AA9D0524467EBC002E0B49 /* MoviesViewModel.swift */ = {isa = PBXFileReference; lastKnownFileType = sourcecode.swift; path = MoviesViewModel.swift; sourceTree = "<group>"; };
		39AA9D0724467ECA002E0B49 /* MovieViewModel.swift */ = {isa = PBXFileReference; lastKnownFileType = sourcecode.swift; path = MovieViewModel.swift; sourceTree = "<group>"; };
		39AA9D0D2447D022002E0B49 /* MoviesView.swift */ = {isa = PBXFileReference; lastKnownFileType = sourcecode.swift; path = MoviesView.swift; sourceTree = "<group>"; };
/* End PBXFileReference section */

/* Begin PBXFrameworksBuildPhase section */
		39AA9CD824467916002E0B49 /* Frameworks */ = {
			isa = PBXFrameworksBuildPhase;
			buildActionMask = 2147483647;
			files = (
			);
			runOnlyForDeploymentPostprocessing = 0;
		};
/* End PBXFrameworksBuildPhase section */

/* Begin PBXGroup section */
		39AA9CD224467916002E0B49 = {
			isa = PBXGroup;
			children = (
				39AA9CDD24467916002E0B49 /* MovieCRUD */,
				39AA9CDC24467916002E0B49 /* Products */,
			);
			sourceTree = "<group>";
		};
		39AA9CDC24467916002E0B49 /* Products */ = {
			isa = PBXGroup;
			children = (
				39AA9CDB24467916002E0B49 /* MovieCRUD.app */,
			);
			name = Products;
			sourceTree = "<group>";
		};
		39AA9CDD24467916002E0B49 /* MovieCRUD */ = {
			isa = PBXGroup;
			children = (
				39AA9D0224467E64002E0B49 /* Model */,
				39AA9D0324467E90002E0B49 /* View */,
				39AA9D0424467E96002E0B49 /* ViewModel */,
				39AA9CDE24467916002E0B49 /* AppDelegate.swift */,
				39AA9CE024467916002E0B49 /* SceneDelegate.swift */,
				39AA9CE224467916002E0B49 /* ContentView.swift */,
				39AA9CE42446791D002E0B49 /* Assets.xcassets */,
				39AA9CE92446791D002E0B49 /* LaunchScreen.storyboard */,
				39AA9CEC2446791D002E0B49 /* Info.plist */,
				39AA9CE62446791D002E0B49 /* Preview Content */,
			);
			path = MovieCRUD;
			sourceTree = "<group>";
		};
		39AA9CE62446791D002E0B49 /* Preview Content */ = {
			isa = PBXGroup;
			children = (
				39AA9CE72446791D002E0B49 /* Preview Assets.xcassets */,
			);
			path = "Preview Content";
			sourceTree = "<group>";
		};
		39AA9D0224467E64002E0B49 /* Model */ = {
			isa = PBXGroup;
			children = (
				39AA9CFE24467A46002E0B49 /* MovieModel.swift */,
			);
			path = Model;
			sourceTree = "<group>";
		};
		39AA9D0324467E90002E0B49 /* View */ = {
			isa = PBXGroup;
			children = (
				39AA9D0D2447D022002E0B49 /* MoviesView.swift */,
				390C022F2449210F008CEB57 /* MovieView.swift */,
			);
			path = View;
			sourceTree = "<group>";
		};
		39AA9D0424467E96002E0B49 /* ViewModel */ = {
			isa = PBXGroup;
			children = (
				39AA9D0524467EBC002E0B49 /* MoviesViewModel.swift */,
				39AA9D0724467ECA002E0B49 /* MovieViewModel.swift */,
			);
			path = ViewModel;
			sourceTree = "<group>";
		};
/* End PBXGroup section */

/* Begin PBXNativeTarget section */
		39AA9CDA24467916002E0B49 /* MovieCRUD */ = {
			isa = PBXNativeTarget;
			buildConfigurationList = 39AA9CEF2446791D002E0B49 /* Build configuration list for PBXNativeTarget "MovieCRUD" */;
			buildPhases = (
				39AA9CD724467916002E0B49 /* Sources */,
				39AA9CD824467916002E0B49 /* Frameworks */,
				39AA9CD924467916002E0B49 /* Resources */,
			);
			buildRules = (
			);
			dependencies = (
			);
			name = MovieCRUD;
			productName = MovieCRUD;
			productReference = 39AA9CDB24467916002E0B49 /* MovieCRUD.app */;
			productType = "com.apple.product-type.application";
		};
/* End PBXNativeTarget section */

/* Begin PBXProject section */
		39AA9CD324467916002E0B49 /* Project object */ = {
			isa = PBXProject;
			attributes = {
				LastSwiftUpdateCheck = 1140;
				LastUpgradeCheck = 1140;
				ORGANIZATIONNAME = "Fernando Gomes";
				TargetAttributes = {
					39AA9CDA24467916002E0B49 = {
						CreatedOnToolsVersion = 11.4;
					};
				};
			};
			buildConfigurationList = 39AA9CD624467916002E0B49 /* Build configuration list for PBXProject "MovieCRUD" */;
			compatibilityVersion = "Xcode 9.3";
			developmentRegion = en;
			hasScannedForEncodings = 0;
			knownRegions = (
				en,
				Base,
			);
			mainGroup = 39AA9CD224467916002E0B49;
			productRefGroup = 39AA9CDC24467916002E0B49 /* Products */;
			projectDirPath = "";
			projectRoot = "";
			targets = (
				39AA9CDA24467916002E0B49 /* MovieCRUD */,
			);
		};
/* End PBXProject section */

/* Begin PBXResourcesBuildPhase section */
		39AA9CD924467916002E0B49 /* Resources */ = {
			isa = PBXResourcesBuildPhase;
			buildActionMask = 2147483647;
			files = (
				39AA9CEB2446791D002E0B49 /* LaunchScreen.storyboard in Resources */,
				39AA9CE82446791D002E0B49 /* Preview Assets.xcassets in Resources */,
				39AA9CE52446791D002E0B49 /* Assets.xcassets in Resources */,
			);
			runOnlyForDeploymentPostprocessing = 0;
		};
/* End PBXResourcesBuildPhase section */

/* Begin PBXSourcesBuildPhase section */
		39AA9CD724467916002E0B49 /* Sources */ = {
			isa = PBXSourcesBuildPhase;
			buildActionMask = 2147483647;
			files = (
				39AA9CFF24467A46002E0B49 /* MovieModel.swift in Sources */,
				39AA9D0624467EBC002E0B49 /* MoviesViewModel.swift in Sources */,
				39AA9CDF24467916002E0B49 /* AppDelegate.swift in Sources */,
				39AA9CE124467916002E0B49 /* SceneDelegate.swift in Sources */,
				39AA9D0E2447D022002E0B49 /* MoviesView.swift in Sources */,
				390C02302449210F008CEB57 /* MovieView.swift in Sources */,
				39AA9D0824467ECA002E0B49 /* MovieViewModel.swift in Sources */,
				39AA9CE324467916002E0B49 /* ContentView.swift in Sources */,
			);
			runOnlyForDeploymentPostprocessing = 0;
		};
/* End PBXSourcesBuildPhase section */

/* Begin PBXVariantGroup section */
		39AA9CE92446791D002E0B49 /* LaunchScreen.storyboard */ = {
			isa = PBXVariantGroup;
			children = (
				39AA9CEA2446791D002E0B49 /* Base */,
			);
			name = LaunchScreen.storyboard;
			sourceTree = "<group>";
		};
/* End PBXVariantGroup section */

/* Begin XCBuildConfiguration section */
		39AA9CED2446791D002E0B49 /* Debug */ = {
			isa = XCBuildConfiguration;
			buildSettings = {
				ALWAYS_SEARCH_USER_PATHS = NO;
				CLANG_ANALYZER_NONNULL = YES;
				CLANG_ANALYZER_NUMBER_OBJECT_CONVERSION = YES_AGGRESSIVE;
				CLANG_CXX_LANGUAGE_STANDARD = "gnu++14";
				CLANG_CXX_LIBRARY = "libc++";
				CLANG_ENABLE_MODULES = YES;
				CLANG_ENABLE_OBJC_ARC = YES;
				CLANG_ENABLE_OBJC_WEAK = YES;
				CLANG_WARN_BLOCK_CAPTURE_AUTORELEASING = YES;
				CLANG_WARN_BOOL_CONVERSION = YES;
				CLANG_WARN_COMMA = YES;
				CLANG_WARN_CONSTANT_CONVERSION = YES;
				CLANG_WARN_DEPRECATED_OBJC_IMPLEMENTATIONS = YES;
				CLANG_WARN_DIRECT_OBJC_ISA_USAGE = YES_ERROR;
				CLANG_WARN_DOCUMENTATION_COMMENTS = YES;
				CLANG_WARN_EMPTY_BODY = YES;
				CLANG_WARN_ENUM_CONVERSION = YES;
				CLANG_WARN_INFINITE_RECURSION = YES;
				CLANG_WARN_INT_CONVERSION = YES;
				CLANG_WARN_NON_LITERAL_NULL_CONVERSION = YES;
				CLANG_WARN_OBJC_IMPLICIT_RETAIN_SELF = YES;
				CLANG_WARN_OBJC_LITERAL_CONVERSION = YES;
				CLANG_WARN_OBJC_ROOT_CLASS = YES_ERROR;
				CLANG_WARN_RANGE_LOOP_ANALYSIS = YES;
				CLANG_WARN_STRICT_PROTOTYPES = YES;
				CLANG_WARN_SUSPICIOUS_MOVE = YES;
				CLANG_WARN_UNGUARDED_AVAILABILITY = YES_AGGRESSIVE;
				CLANG_WARN_UNREACHABLE_CODE = YES;
				CLANG_WARN__DUPLICATE_METHOD_MATCH = YES;
				COPY_PHASE_STRIP = NO;
				DEBUG_INFORMATION_FORMAT = dwarf;
				ENABLE_STRICT_OBJC_MSGSEND = YES;
				ENABLE_TESTABILITY = YES;
				GCC_C_LANGUAGE_STANDARD = gnu11;
				GCC_DYNAMIC_NO_PIC = NO;
				GCC_NO_COMMON_BLOCKS = YES;
				GCC_OPTIMIZATION_LEVEL = 0;
				GCC_PREPROCESSOR_DEFINITIONS = (
					"DEBUG=1",
					"$(inherited)",
				);
				GCC_WARN_64_TO_32_BIT_CONVERSION = YES;
				GCC_WARN_ABOUT_RETURN_TYPE = YES_ERROR;
				GCC_WARN_UNDECLARED_SELECTOR = YES;
				GCC_WARN_UNINITIALIZED_AUTOS = YES_AGGRESSIVE;
				GCC_WARN_UNUSED_FUNCTION = YES;
				GCC_WARN_UNUSED_VARIABLE = YES;
				IPHONEOS_DEPLOYMENT_TARGET = 13.4;
				MTL_ENABLE_DEBUG_INFO = INCLUDE_SOURCE;
				MTL_FAST_MATH = YES;
				ONLY_ACTIVE_ARCH = YES;
				SDKROOT = iphoneos;
				SWIFT_ACTIVE_COMPILATION_CONDITIONS = DEBUG;
				SWIFT_OPTIMIZATION_LEVEL = "-Onone";
			};
			name = Debug;
		};
		39AA9CEE2446791D002E0B49 /* Release */ = {
			isa = XCBuildConfiguration;
			buildSettings = {
				ALWAYS_SEARCH_USER_PATHS = NO;
				CLANG_ANALYZER_NONNULL = YES;
				CLANG_ANALYZER_NUMBER_OBJECT_CONVERSION = YES_AGGRESSIVE;
				CLANG_CXX_LANGUAGE_STANDARD = "gnu++14";
				CLANG_CXX_LIBRARY = "libc++";
				CLANG_ENABLE_MODULES = YES;
				CLANG_ENABLE_OBJC_ARC = YES;
				CLANG_ENABLE_OBJC_WEAK = YES;
				CLANG_WARN_BLOCK_CAPTURE_AUTORELEASING = YES;
				CLANG_WARN_BOOL_CONVERSION = YES;
				CLANG_WARN_COMMA = YES;
				CLANG_WARN_CONSTANT_CONVERSION = YES;
				CLANG_WARN_DEPRECATED_OBJC_IMPLEMENTATIONS = YES;
				CLANG_WARN_DIRECT_OBJC_ISA_USAGE = YES_ERROR;
				CLANG_WARN_DOCUMENTATION_COMMENTS = YES;
				CLANG_WARN_EMPTY_BODY = YES;
				CLANG_WARN_ENUM_CONVERSION = YES;
				CLANG_WARN_INFINITE_RECURSION = YES;
				CLANG_WARN_INT_CONVERSION = YES;
				CLANG_WARN_NON_LITERAL_NULL_CONVERSION = YES;
				CLANG_WARN_OBJC_IMPLICIT_RETAIN_SELF = YES;
				CLANG_WARN_OBJC_LITERAL_CONVERSION = YES;
				CLANG_WARN_OBJC_ROOT_CLASS = YES_ERROR;
				CLANG_WARN_RANGE_LOOP_ANALYSIS = YES;
				CLANG_WARN_STRICT_PROTOTYPES = YES;
				CLANG_WARN_SUSPICIOUS_MOVE = YES;
				CLANG_WARN_UNGUARDED_AVAILABILITY = YES_AGGRESSIVE;
				CLANG_WARN_UNREACHABLE_CODE = YES;
				CLANG_WARN__DUPLICATE_METHOD_MATCH = YES;
				COPY_PHASE_STRIP = NO;
				DEBUG_INFORMATION_FORMAT = "dwarf-with-dsym";
				ENABLE_NS_ASSERTIONS = NO;
				ENABLE_STRICT_OBJC_MSGSEND = YES;
				GCC_C_LANGUAGE_STANDARD = gnu11;
				GCC_NO_COMMON_BLOCKS = YES;
				GCC_WARN_64_TO_32_BIT_CONVERSION = YES;
				GCC_WARN_ABOUT_RETURN_TYPE = YES_ERROR;
				GCC_WARN_UNDECLARED_SELECTOR = YES;
				GCC_WARN_UNINITIALIZED_AUTOS = YES_AGGRESSIVE;
				GCC_WARN_UNUSED_FUNCTION = YES;
				GCC_WARN_UNUSED_VARIABLE = YES;
				IPHONEOS_DEPLOYMENT_TARGET = 13.4;
				MTL_ENABLE_DEBUG_INFO = NO;
				MTL_FAST_MATH = YES;
				SDKROOT = iphoneos;
				SWIFT_COMPILATION_MODE = wholemodule;
				SWIFT_OPTIMIZATION_LEVEL = "-O";
				VALIDATE_PRODUCT = YES;
			};
			name = Release;
		};
		39AA9CF02446791D002E0B49 /* Debug */ = {
			isa = XCBuildConfiguration;
			buildSettings = {
				ASSETCATALOG_COMPILER_APPICON_NAME = AppIcon;
				CODE_SIGN_STYLE = Automatic;
				DEVELOPMENT_ASSET_PATHS = "\"MovieCRUD/Preview Content\"";
				DEVELOPMENT_TEAM = 6VK3DVAF4J;
				ENABLE_PREVIEWS = YES;
				INFOPLIST_FILE = MovieCRUD/Info.plist;
				LD_RUNPATH_SEARCH_PATHS = (
					"$(inherited)",
					"@executable_path/Frameworks",
				);
				PRODUCT_BUNDLE_IDENTIFIER = fernandogomes.MovieCRUD;
				PRODUCT_NAME = "$(TARGET_NAME)";
				SWIFT_VERSION = 5.0;
				TARGETED_DEVICE_FAMILY = "1,2";
			};
			name = Debug;
		};
		39AA9CF12446791D002E0B49 /* Release */ = {
			isa = XCBuildConfiguration;
			buildSettings = {
				ASSETCATALOG_COMPILER_APPICON_NAME = AppIcon;
				CODE_SIGN_STYLE = Automatic;
				DEVELOPMENT_ASSET_PATHS = "\"MovieCRUD/Preview Content\"";
				DEVELOPMENT_TEAM = 6VK3DVAF4J;
				ENABLE_PREVIEWS = YES;
				INFOPLIST_FILE = MovieCRUD/Info.plist;
				LD_RUNPATH_SEARCH_PATHS = (
					"$(inherited)",
					"@executable_path/Frameworks",
				);
				PRODUCT_BUNDLE_IDENTIFIER = fernandogomes.MovieCRUD;
				PRODUCT_NAME = "$(TARGET_NAME)";
				SWIFT_VERSION = 5.0;
				TARGETED_DEVICE_FAMILY = "1,2";
			};
			name = Release;
		};
/* End XCBuildConfiguration section */

/* Begin XCConfigurationList section */
		39AA9CD624467916002E0B49 /* Build configuration list for PBXProject "MovieCRUD" */ = {
			isa = XCConfigurationList;
			buildConfigurations = (
				39AA9CED2446791D002E0B49 /* Debug */,
				39AA9CEE2446791D002E0B49 /* Release */,
			);
			defaultConfigurationIsVisible = 0;
			defaultConfigurationName = Release;
		};
		39AA9CEF2446791D002E0B49 /* Build configuration list for PBXNativeTarget "MovieCRUD" */ = {
			isa = XCConfigurationList;
			buildConfigurations = (
				39AA9CF02446791D002E0B49 /* Debug */,
				39AA9CF12446791D002E0B49 /* Release */,
			);
			defaultConfigurationIsVisible = 0;
			defaultConfigurationName = Release;
		};
/* End XCConfigurationList section */
	};
	rootObject = 39AA9CD324467916002E0B49 /* Project object */;
}
